
Microsoft Visual Studio Solution File, Format Version 12.00
# Visual Studio Version 16
VisualStudioVersion = 16.0.31321.278
MinimumVisualStudioVersion = 10.0.40219.1
Project("{2150E333-8FDC-42A3-9474-1A3956D46DE8}") = "Services", "Services", "{BB2E6C27-EDEB-4272-8B73-38F3E3A7CE78}"
EndProject
Project("{2150E333-8FDC-42A3-9474-1A3956D46DE8}") = "Catalog", "Catalog", "{63531251-3DB1-406D-81CE-7B3F8849E3F5}"
EndProject
Project("{9A19103F-16F7-4668-BE54-9A1E7A4F7556}") = "Catalog.API", "Services\Catalog\Catalog.API\Catalog.API.csproj", "{70FF44CC-FB1F-4554-9A90-03AD918A2B96}"
EndProject
Project("{E53339B2-1760-4266-BCC7-CA923CBCF16C}") = "docker-compose", "docker-compose.dcproj", "{291CD43D-C934-4118-9456-6B8461380142}"
EndProject
Project("{2150E333-8FDC-42A3-9474-1A3956D46DE8}") = "Basket", "Basket", "{D5A605EF-51DC-407D-A333-949D5AD3D46B}"
EndProject
Project("{FAE04EC0-301F-11D3-BF4B-00C04F79EFBC}") = "Basket.API", "Services\Basket\Basket.API\Basket.API.csproj", "{E98C8A75-DF09-4B18-9CBC-C2B9F6615946}"
EndProject
Global
	GlobalSection(SolutionConfigurationPlatforms) = preSolution
		Debug|Any CPU = Debug|Any CPU
		Release|Any CPU = Release|Any CPU
	EndGlobalSection
	GlobalSection(ProjectConfigurationPlatforms) = postSolution
		{70FF44CC-FB1F-4554-9A90-03AD918A2B96}.Debug|Any CPU.ActiveCfg = Debug|Any CPU
		{70FF44CC-FB1F-4554-9A90-03AD918A2B96}.Debug|Any CPU.Build.0 = Debug|Any CPU
		{70FF44CC-FB1F-4554-9A90-03AD918A2B96}.Release|Any CPU.ActiveCfg = Release|Any CPU
		{70FF44CC-FB1F-4554-9A90-03AD918A2B96}.Release|Any CPU.Build.0 = Release|Any CPU
		{291CD43D-C934-4118-9456-6B8461380142}.Debug|Any CPU.ActiveCfg = Debug|Any CPU
		{291CD43D-C934-4118-9456-6B8461380142}.Debug|Any CPU.Build.0 = Debug|Any CPU
		{291CD43D-C934-4118-9456-6B8461380142}.Release|Any CPU.ActiveCfg = Release|Any CPU
		{291CD43D-C934-4118-9456-6B8461380142}.Release|Any CPU.Build.0 = Release|Any CPU
		{E98C8A75-DF09-4B18-9CBC-C2B9F6615946}.Debug|Any CPU.ActiveCfg = Debug|Any CPU
		{E98C8A75-DF09-4B18-9CBC-C2B9F6615946}.Debug|Any CPU.Build.0 = Debug|Any CPU
		{E98C8A75-DF09-4B18-9CBC-C2B9F6615946}.Release|Any CPU.ActiveCfg = Release|Any CPU
		{E98C8A75-DF09-4B18-9CBC-C2B9F6615946}.Release|Any CPU.Build.0 = Release|Any CPU
	EndGlobalSection
	GlobalSection(SolutionProperties) = preSolution
		HideSolutionNode = FALSE
	EndGlobalSection
	GlobalSection(NestedProjects) = preSolution
		{63531251-3DB1-406D-81CE-7B3F8849E3F5} = {BB2E6C27-EDEB-4272-8B73-38F3E3A7CE78}
		{70FF44CC-FB1F-4554-9A90-03AD918A2B96} = {63531251-3DB1-406D-81CE-7B3F8849E3F5}
		{D5A605EF-51DC-407D-A333-949D5AD3D46B} = {BB2E6C27-EDEB-4272-8B73-38F3E3A7CE78}
		{E98C8A75-DF09-4B18-9CBC-C2B9F6615946} = {D5A605EF-51DC-407D-A333-949D5AD3D46B}
	EndGlobalSection
	GlobalSection(ExtensibilityGlobals) = postSolution
		SolutionGuid = {DF78481C-5655-4B4A-A7D9-D63998C17921}
	EndGlobalSection
EndGlobal
